
Microsoft Visual Studio Solution File, Format Version 12.00
# Visual Studio 15
VisualStudioVersion = 15.0.27130.2026
MinimumVisualStudioVersion = 10.0.40219.1
Project("{FAE04EC0-301F-11D3-BF4B-00C04F79EFBC}") = "DictionaryPractice", "DictionaryPractice\DictionaryPractice.csproj", "{5FA6226B-947B-46E7-84D9-44E6B7F27EDB}"
EndProject
Global
	GlobalSection(SolutionConfigurationPlatforms) = preSolution
		Debug|Any CPU = Debug|Any CPU
		Release|Any CPU = Release|Any CPU
	EndGlobalSection
	GlobalSection(ProjectConfigurationPlatforms) = postSolution
		{5FA6226B-947B-46E7-84D9-44E6B7F27EDB}.Debug|Any CPU.ActiveCfg = Debug|Any CPU
		{5FA6226B-947B-46E7-84D9-44E6B7F27EDB}.Debug|Any CPU.Build.0 = Debug|Any CPU
		{5FA6226B-947B-46E7-84D9-44E6B7F27EDB}.Release|Any CPU.ActiveCfg = Release|Any CPU
		{5FA6226B-947B-46E7-84D9-44E6B7F27EDB}.Release|Any CPU.Build.0 = Release|Any CPU
	EndGlobalSection
	GlobalSection(SolutionProperties) = preSolution
		HideSolutionNode = FALSE
	EndGlobalSection
	GlobalSection(ExtensibilityGlobals) = postSolution
		SolutionGuid = {0553324C-D60C-4DA5-899B-496FE83BAF75}
	EndGlobalSection
EndGlobal
